[[package]]
name = "certifi"
version = "2021.10.8"
description = "Python package for providing Mozilla's CA Bundle."
category = "main"
optional = false
python-versions = "*"

[[package]]
name = "charset-normalizer"
version = "2.0.7"
description = "The Real First Universal Charset Detector. Open, modern and actively maintained alternative to Chardet."
category = "main"
optional = false
python-versions = ">=3.5.0"

[package.extras]
unicode_backport = ["unicodedata2"]

[[package]]
name = "colorama"
version = "0.4.4"
description = "Cross-platform colored terminal text."
category = "main"
optional = false
python-versions = ">=2.7, !=3.0.*, !=3.1.*, !=3.2.*, !=3.3.*, !=3.4.*"

[[package]]
name = "configparser"
version = "5.0.2"
description = "Updated configparser from Python 3.8 for Python 2.6+."
category = "main"
optional = false
python-versions = ">=3.6"

[package.extras]
docs = ["sphinx", "jaraco.packaging (>=8.2)", "rst.linker (>=1.9)"]
testing = ["pytest (>=4.6)", "pytest-checkdocs (>=1.2.3)", "pytest-flake8", "pytest-cov", "pytest-enabler", "pytest-black (>=0.3.7)", "pytest-mypy"]

[[package]]
name = "crayons"
version = "0.4.0"
description = "TextUI colors for Python."
category = "main"
optional = false
python-versions = "*"

[package.dependencies]
colorama = "*"

[[package]]
name = "idna"
version = "3.3"
description = "Internationalized Domain Names in Applications (IDNA)"
category = "main"
optional = false
python-versions = ">=3.5"

[[package]]
name = "requests"
version = "2.26.0"
description = "Python HTTP for Humans."
category = "main"
optional = false
python-versions = ">=2.7, !=3.0.*, !=3.1.*, !=3.2.*, !=3.3.*, !=3.4.*, !=3.5.*"

[package.dependencies]
certifi = ">=2017.4.17"
charset-normalizer = {version = ">=2.0.0,<2.1.0", markers = "python_version >= \"3\""}
idna = {version = ">=2.5,<4", markers = "python_version >= \"3\""}
urllib3 = ">=1.21.1,<1.27"

[package.extras]
socks = ["PySocks (>=1.5.6,!=1.5.7)", "win-inet-pton"]
use_chardet_on_py3 = ["chardet (>=3.0.2,<5)"]

[[package]]
name = "selenium"
version = "3.141.0"
description = "Python bindings for Selenium"
category = "main"
optional = false
python-versions = "*"

[package.dependencies]
urllib3 = "*"

[[package]]
name = "urllib3"
version = "1.26.7"
description = "HTTP library with thread-safe connection pooling, file post, and more."
category = "main"
optional = false
python-versions = ">=2.7, !=3.0.*, !=3.1.*, !=3.2.*, !=3.3.*, !=3.4.*, <4"

[package.extras]
brotli = ["brotlipy (>=0.6.0)"]
secure = ["pyOpenSSL (>=0.14)", "cryptography (>=1.3.4)", "idna (>=2.0.0)", "certifi", "ipaddress"]
socks = ["PySocks (>=1.5.6,!=1.5.7,<2.0)"]

[[package]]
name = "web-adapter"
version = "0.1.0"
description = ""
category = "main"
optional = false
python-versions = "^3.8"
develop = false

[package.dependencies]
selenium = "^3.141.0"
webdriver-manager = "^3.4.2"

[package.source]
type = "git"
url = "https://github.com/TomoyaFujita2016/web-adapter"
reference = "main"
resolved_reference = "c148ab4a0cccfb2e0d8d6aaa0b895faad6b9edb3"

[[package]]
name = "webdriver-manager"
version = "3.5.1"
description = "Library provides the way to automatically manage drivers for different browsers"
category = "main"
optional = false
python-versions = ">=3.6"

[package.dependencies]
configparser = "*"
crayons = "*"
requests = "*"

[metadata]
lock-version = "1.1"
python-versions = "^3.9"
content-hash = "f9b70c4cf85abf4d2c345fd65b6cc160f507ba141382df462532b09726b303b8"

[metadata.files]
certifi = [
    {file = "certifi-2021.10.8-py2.py3-none-any.whl", hash = "sha256:d62a0163eb4c2344ac042ab2bdf75399a71a2d8c7d47eac2e2ee91b9d6339569"},
    {file = "certifi-2021.10.8.tar.gz", hash = "sha256:78884e7c1d4b00ce3cea67b44566851c4343c120abd683433ce934a68ea58872"},
]
charset-normalizer = [
    {file = "charset-normalizer-2.0.7.tar.gz", hash = "sha256:e019de665e2bcf9c2b64e2e5aa025fa991da8720daa3c1138cadd2fd1856aed0"},
    {file = "charset_normalizer-2.0.7-py3-none-any.whl", hash = "sha256:f7af805c321bfa1ce6714c51f254e0d5bb5e5834039bc17db7ebe3a4cec9492b"},
]
colorama = [
    {file = "colorama-0.4.4-py2.py3-none-any.whl", hash = "sha256:9f47eda37229f68eee03b24b9748937c7dc3868f906e8ba69fbcbdd3bc5dc3e2"},
    {file = "colorama-0.4.4.tar.gz", hash = "sha256:5941b2b48a20143d2267e95b1c2a7603ce057ee39fd88e7329b0c292aa16869b"},
]
configparser = [
    {file = "configparser-5.0.2-py3-none-any.whl", hash = "sha256:af59f2cdd7efbdd5d111c1976ecd0b82db9066653362f0962d7bf1d3ab89a1fa"},
    {file = "configparser-5.0.2.tar.gz", hash = "sha256:85d5de102cfe6d14a5172676f09d19c465ce63d6019cf0a4ef13385fc535e828"},
]
crayons = [
    {file = "crayons-0.4.0-py2.py3-none-any.whl", hash = "sha256:e73ad105c78935d71fe454dd4b85c5c437ba199294e7ffd3341842bc683654b1"},
    {file = "crayons-0.4.0.tar.gz", hash = "sha256:bd33b7547800f2cfbd26b38431f9e64b487a7de74a947b0fafc89b45a601813f"},
]
idna = [
    {file = "idna-3.3-py3-none-any.whl", hash = "sha256:84d9dd047ffa80596e0f246e2eab0b391788b0503584e8945f2368256d2735ff"},
    {file = "idna-3.3.tar.gz", hash = "sha256:9d643ff0a55b762d5cdb124b8eaa99c66322e2157b69160bc32796e824360e6d"},
]
requests = [
    {file = "requests-2.26.0-py2.py3-none-any.whl", hash = "sha256:6c1246513ecd5ecd4528a0906f910e8f0f9c6b8ec72030dc9fd154dc1a6efd24"},
    {file = "requests-2.26.0.tar.gz", hash = "sha256:b8aa58f8cf793ffd8782d3d8cb19e66ef36f7aba4353eec859e74678b01b07a7"},
]
selenium = [
    {file = "selenium-3.141.0-py2.py3-none-any.whl", hash = "sha256:2d7131d7bc5a5b99a2d9b04aaf2612c411b03b8ca1b1ee8d3de5845a9be2cb3c"},
    {file = "selenium-3.141.0.tar.gz", hash = "sha256:deaf32b60ad91a4611b98d8002757f29e6f2c2d5fcaf202e1c9ad06d6772300d"},
]
urllib3 = [
    {file = "urllib3-1.26.7-py2.py3-none-any.whl", hash = "sha256:c4fdf4019605b6e5423637e01bc9fe4daef873709a7973e195ceba0a62bbc844"},
    {file = "urllib3-1.26.7.tar.gz", hash = "sha256:4987c65554f7a2dbf30c18fd48778ef124af6fab771a377103da0585e2336ece"},
]
web-adapter = []
webdriver-manager = [
    {file = "webdriver_manager-3.5.1-py2.py3-none-any.whl", hash = "sha256:a1940a808ea14302086ea7416053f24a1e1037975242eed99eb083f27752c505"},
    {file = "webdriver_manager-3.5.1.tar.gz", hash = "sha256:02f3224baaf08ae797ba044485e711af019185840f6b8561542cd7aa9e5fd276"},
]
